
Microsoft Visual Studio Solution File, Format Version 12.00
# Visual Studio Version 16
VisualStudioVersion = 16.0.31205.134
MinimumVisualStudioVersion = 10.0.40219.1
Project("{9A19103F-16F7-4668-BE54-9A1E7A4F7556}") = "DolphinImageOptimizer", "DolphinImageOptimizer\DolphinImageOptimizer.csproj", "{2EA4DDF8-895F-4E65-A741-33B57D742B39}"
EndProject
Global
	GlobalSection(SolutionConfigurationPlatforms) = preSolution
		Debug|Any CPU = Debug|Any CPU
		Release|Any CPU = Release|Any CPU
	EndGlobalSection
	GlobalSection(ProjectConfigurationPlatforms) = postSolution
		{2EA4DDF8-895F-4E65-A741-33B57D742B39}.Debug|Any CPU.ActiveCfg = Debug|Any CPU
		{2EA4DDF8-895F-4E65-A741-33B57D742B39}.Debug|Any CPU.Build.0 = Debug|Any CPU
		{2EA4DDF8-895F-4E65-A741-33B57D742B39}.Release|Any CPU.ActiveCfg = Release|Any CPU
		{2EA4DDF8-895F-4E65-A741-33B57D742B39}.Release|Any CPU.Build.0 = Release|Any CPU
	EndGlobalSection
	GlobalSection(SolutionProperties) = preSolution
		HideSolutionNode = FALSE
	EndGlobalSection
	GlobalSection(ExtensibilityGlobals) = postSolution
		SolutionGuid = {04E675CA-8B11-4E56-98DD-6499DB7A5B00}
	EndGlobalSection
EndGlobal
